
Microsoft Visual Studio Solution File, Format Version 12.00
Project("{FAE04EC0-301F-11D3-BF4B-00C04F79EFBC}") = "AccuBot", "AccuBot\AccuBot.csproj", "{ACFDBA63-1671-4766-BDA3-EDBE91767E1D}"
EndProject
Project("{FAE04EC0-301F-11D3-BF4B-00C04F79EFBC}") = "AccuBotCommon", "AccuBotCommon\AccuBotCommon.csproj", "{74AF005D-E2F2-4C55-96A0-0839949D851F}"
EndProject
Project("{FAE04EC0-301F-11D3-BF4B-00C04F79EFBC}") = "AccuTest", "AccuTest\AccuTest.csproj", "{10E19512-22AB-4149-8EF6-0D41D9D65416}"
EndProject
Global
	GlobalSection(SolutionConfigurationPlatforms) = preSolution
		Debug|Any CPU = Debug|Any CPU
		Release|Any CPU = Release|Any CPU
	EndGlobalSection
	GlobalSection(ProjectConfigurationPlatforms) = postSolution
		{ACFDBA63-1671-4766-BDA3-EDBE91767E1D}.Debug|Any CPU.ActiveCfg = Debug|Any CPU
		{ACFDBA63-1671-4766-BDA3-EDBE91767E1D}.Debug|Any CPU.Build.0 = Debug|Any CPU
		{ACFDBA63-1671-4766-BDA3-EDBE91767E1D}.Release|Any CPU.ActiveCfg = Release|Any CPU
		{ACFDBA63-1671-4766-BDA3-EDBE91767E1D}.Release|Any CPU.Build.0 = Release|Any CPU
		{74AF005D-E2F2-4C55-96A0-0839949D851F}.Debug|Any CPU.ActiveCfg = Debug|Any CPU
		{74AF005D-E2F2-4C55-96A0-0839949D851F}.Debug|Any CPU.Build.0 = Debug|Any CPU
		{74AF005D-E2F2-4C55-96A0-0839949D851F}.Release|Any CPU.ActiveCfg = Release|Any CPU
		{74AF005D-E2F2-4C55-96A0-0839949D851F}.Release|Any CPU.Build.0 = Release|Any CPU
		{10E19512-22AB-4149-8EF6-0D41D9D65416}.Debug|Any CPU.ActiveCfg = Debug|Any CPU
		{10E19512-22AB-4149-8EF6-0D41D9D65416}.Debug|Any CPU.Build.0 = Debug|Any CPU
		{10E19512-22AB-4149-8EF6-0D41D9D65416}.Release|Any CPU.ActiveCfg = Release|Any CPU
		{10E19512-22AB-4149-8EF6-0D41D9D65416}.Release|Any CPU.Build.0 = Release|Any CPU
	EndGlobalSection
EndGlobal
